GEM
  remote: http://rubygems.org/
  specs:
    capybara (2.0.2)
      mime-types (>= 1.16)
      nokogiri (>= 1.3.3)
      rack (>= 1.0.0)
      rack-test (>= 0.5.4)
      selenium-webdriver (~> 2.0)
      xpath (~> 1.0.0)
    capybara-webkit (0.14.2)
      capybara (~> 2.0, >= 2.0.2)
      json
    childprocess (0.3.9)
      ffi (~> 1.0, >= 1.0.11)
    diff-lcs (1.2.1)
    ffi (1.4.0)
    git (1.2.5)
    jeweler (1.8.4)
      bundler (~> 1.0)
      git (>= 1.2.5)
      rake
      rdoc
    json (1.7.7)
    mime-types (1.21)
    multi_json (1.6.1)
    nokogiri (1.5.6)
    rack (1.5.2)
    rack-test (0.6.2)
      rack (>= 1.0)
    rake (10.0.3)
    rdoc (4.0.0)
      json (~> 1.4)
    rspec (2.13.0)
      rspec-core (~> 2.13.0)
      rspec-expectations (~> 2.13.0)
      rspec-mocks (~> 2.13.0)
    rspec-core (2.13.0)
    rspec-expectations (2.13.0)
      diff-lcs (>= 1.1.3, < 2.0)
    rspec-mocks (2.13.0)
    rubyzip (0.9.9)
    selenium-webdriver (2.31.0)
      childprocess (>= 0.2.5)
      multi_json (~> 1.0)
      rubyzip
      websocket (~> 1.0.4)
    simplecov (0.7.1)
      multi_json (~> 1.0)
      simplecov-html (~> 0.7.1)
    simplecov-html (0.7.1)
    websocket (1.0.7)
    xpath (1.0.0)
      nokogiri (~> 1.3)

PLATFORMS
  ruby

DEPENDENCIES
  bundler
  capybara-webkit (>= 0.10.0)
  jeweler
  rack
  rake
  rspec
  simplecov
